
Microsoft Visual Studio Solution File, Format Version 12.00
# Visual Studio Version 17
VisualStudioVersion = 17.8.34511.84
MinimumVisualStudioVersion = 10.0.40219.1
Project("{9A19103F-16F7-4668-BE54-9A1E7A4F7556}") = "DA_RestAPI", "DailyActivities\DA_RestAPI.csproj", "{D1B02B46-8AAA-41D3-802E-22B5AC78EE18}"
EndProject
Project("{9A19103F-16F7-4668-BE54-9A1E7A4F7556}") = "DA_GrpcService", "DA_GrpcService\DA_GrpcService.csproj", "{55B63D92-7E09-43D6-B9A4-984828CEF3E2}"
EndProject
Project("{9A19103F-16F7-4668-BE54-9A1E7A4F7556}") = "DA_Domain", "DA_Domain\DA_Domain.csproj", "{A84C39C5-2DDE-4BA1-9620-35D76FFBDF51}"
EndProject
Project("{9A19103F-16F7-4668-BE54-9A1E7A4F7556}") = "GrpcTest", "GrpcTest\GrpcTest.csproj", "{2F4D78BA-A47C-42CF-A499-3D239C6BDD50}"
EndProject
Project("{9A19103F-16F7-4668-BE54-9A1E7A4F7556}") = "AspireSample.ApiService", "AspireSample\AspireSample.ApiService\AspireSample.ApiService.csproj", "{64CF3101-5315-473C-862B-E68EE0C5EFC6}"
EndProject
Project("{9A19103F-16F7-4668-BE54-9A1E7A4F7556}") = "AspireSample.AppHost", "AspireSample\AspireSample.AppHost\AspireSample.AppHost.csproj", "{EB70B08E-8A1A-42A0-BB02-B632BFFAB259}"
EndProject
Project("{9A19103F-16F7-4668-BE54-9A1E7A4F7556}") = "AspireSample.ServiceDefaults", "AspireSample\AspireSample.ServiceDefaults\AspireSample.ServiceDefaults.csproj", "{3EDB63AA-B09C-4D98-9FD1-8863997B67C6}"
EndProject
Project("{9A19103F-16F7-4668-BE54-9A1E7A4F7556}") = "AspireSample.Web", "AspireSample\AspireSample.Web\AspireSample.Web.csproj", "{71EA1FED-2B0A-4AA4-AD4D-97F13A683132}"
EndProject
Project("{9A19103F-16F7-4668-BE54-9A1E7A4F7556}") = "ConsoleApp1", "ConsoleApp1\ConsoleApp1.csproj", "{52B5895D-199B-4DA8-8EB5-CA0BAB041CD7}"
EndProject
Project("{2150E333-8FDC-42A3-9474-1A3956D46DE8}") = "2-Domain", "2-Domain", "{9A02DFF8-DD3F-4575-A73F-D65A53D12085}"
EndProject
Project("{2150E333-8FDC-42A3-9474-1A3956D46DE8}") = "1-Presentation", "1-Presentation", "{15991302-EB55-430E-811B-3B6E8BB66C28}"
EndProject
Project("{2150E333-8FDC-42A3-9474-1A3956D46DE8}") = "3-Infra", "3-Infra", "{A84B9BFD-515D-4852-AB47-A9487558EB47}"
EndProject
Project("{2150E333-8FDC-42A3-9474-1A3956D46DE8}") = "0-Aspire", "0-Aspire", "{688A9B79-8721-4F0C-91D3-DFF95E0EEC21}"
EndProject
Project("{FAE04EC0-301F-11D3-BF4B-00C04F79EFBC}") = "GrpcService1", "GrpcService1\GrpcService1.csproj", "{D52E6BA7-3510-4B89-BC2A-C615C8518AE6}"
EndProject
Global
	GlobalSection(SolutionConfigurationPlatforms) = preSolution
		Debug|Any CPU = Debug|Any CPU
		Release|Any CPU = Release|Any CPU
	EndGlobalSection
	GlobalSection(ProjectConfigurationPlatforms) = postSolution
		{D1B02B46-8AAA-41D3-802E-22B5AC78EE18}.Debug|Any CPU.ActiveCfg = Debug|Any CPU
		{D1B02B46-8AAA-41D3-802E-22B5AC78EE18}.Debug|Any CPU.Build.0 = Debug|Any CPU
		{D1B02B46-8AAA-41D3-802E-22B5AC78EE18}.Release|Any CPU.ActiveCfg = Release|Any CPU
		{D1B02B46-8AAA-41D3-802E-22B5AC78EE18}.Release|Any CPU.Build.0 = Release|Any CPU
		{55B63D92-7E09-43D6-B9A4-984828CEF3E2}.Debug|Any CPU.ActiveCfg = Debug|Any CPU
		{55B63D92-7E09-43D6-B9A4-984828CEF3E2}.Debug|Any CPU.Build.0 = Debug|Any CPU
		{55B63D92-7E09-43D6-B9A4-984828CEF3E2}.Release|Any CPU.ActiveCfg = Release|Any CPU
		{55B63D92-7E09-43D6-B9A4-984828CEF3E2}.Release|Any CPU.Build.0 = Release|Any CPU
		{A84C39C5-2DDE-4BA1-9620-35D76FFBDF51}.Debug|Any CPU.ActiveCfg = Debug|Any CPU
		{A84C39C5-2DDE-4BA1-9620-35D76FFBDF51}.Debug|Any CPU.Build.0 = Debug|Any CPU
		{A84C39C5-2DDE-4BA1-9620-35D76FFBDF51}.Release|Any CPU.ActiveCfg = Release|Any CPU
		{A84C39C5-2DDE-4BA1-9620-35D76FFBDF51}.Release|Any CPU.Build.0 = Release|Any CPU
		{2F4D78BA-A47C-42CF-A499-3D239C6BDD50}.Debug|Any CPU.ActiveCfg = Debug|Any CPU
		{2F4D78BA-A47C-42CF-A499-3D239C6BDD50}.Debug|Any CPU.Build.0 = Debug|Any CPU
		{2F4D78BA-A47C-42CF-A499-3D239C6BDD50}.Release|Any CPU.ActiveCfg = Release|Any CPU
		{2F4D78BA-A47C-42CF-A499-3D239C6BDD50}.Release|Any CPU.Build.0 = Release|Any CPU
		{64CF3101-5315-473C-862B-E68EE0C5EFC6}.Debug|Any CPU.ActiveCfg = Debug|Any CPU
		{64CF3101-5315-473C-862B-E68EE0C5EFC6}.Debug|Any CPU.Build.0 = Debug|Any CPU
		{64CF3101-5315-473C-862B-E68EE0C5EFC6}.Release|Any CPU.ActiveCfg = Release|Any CPU
		{64CF3101-5315-473C-862B-E68EE0C5EFC6}.Release|Any CPU.Build.0 = Release|Any CPU
		{EB70B08E-8A1A-42A0-BB02-B632BFFAB259}.Debug|Any CPU.ActiveCfg = Debug|Any CPU
		{EB70B08E-8A1A-42A0-BB02-B632BFFAB259}.Debug|Any CPU.Build.0 = Debug|Any CPU
		{EB70B08E-8A1A-42A0-BB02-B632BFFAB259}.Release|Any CPU.ActiveCfg = Release|Any CPU
		{EB70B08E-8A1A-42A0-BB02-B632BFFAB259}.Release|Any CPU.Build.0 = Release|Any CPU
		{3EDB63AA-B09C-4D98-9FD1-8863997B67C6}.Debug|Any CPU.ActiveCfg = Debug|Any CPU
		{3EDB63AA-B09C-4D98-9FD1-8863997B67C6}.Debug|Any CPU.Build.0 = Debug|Any CPU
		{3EDB63AA-B09C-4D98-9FD1-8863997B67C6}.Release|Any CPU.ActiveCfg = Release|Any CPU
		{3EDB63AA-B09C-4D98-9FD1-8863997B67C6}.Release|Any CPU.Build.0 = Release|Any CPU
		{71EA1FED-2B0A-4AA4-AD4D-97F13A683132}.Debug|Any CPU.ActiveCfg = Debug|Any CPU
		{71EA1FED-2B0A-4AA4-AD4D-97F13A683132}.Debug|Any CPU.Build.0 = Debug|Any CPU
		{71EA1FED-2B0A-4AA4-AD4D-97F13A683132}.Release|Any CPU.ActiveCfg = Release|Any CPU
		{71EA1FED-2B0A-4AA4-AD4D-97F13A683132}.Release|Any CPU.Build.0 = Release|Any CPU
		{52B5895D-199B-4DA8-8EB5-CA0BAB041CD7}.Debug|Any CPU.ActiveCfg = Debug|Any CPU
		{52B5895D-199B-4DA8-8EB5-CA0BAB041CD7}.Debug|Any CPU.Build.0 = Debug|Any CPU
		{52B5895D-199B-4DA8-8EB5-CA0BAB041CD7}.Release|Any CPU.ActiveCfg = Release|Any CPU
		{52B5895D-199B-4DA8-8EB5-CA0BAB041CD7}.Release|Any CPU.Build.0 = Release|Any CPU
		{D52E6BA7-3510-4B89-BC2A-C615C8518AE6}.Debug|Any CPU.ActiveCfg = Debug|Any CPU
		{D52E6BA7-3510-4B89-BC2A-C615C8518AE6}.Debug|Any CPU.Build.0 = Debug|Any CPU
		{D52E6BA7-3510-4B89-BC2A-C615C8518AE6}.Release|Any CPU.ActiveCfg = Release|Any CPU
		{D52E6BA7-3510-4B89-BC2A-C615C8518AE6}.Release|Any CPU.Build.0 = Release|Any CPU
	EndGlobalSection
	GlobalSection(SolutionProperties) = preSolution
		HideSolutionNode = FALSE
	EndGlobalSection
	GlobalSection(NestedProjects) = preSolution
		{D1B02B46-8AAA-41D3-802E-22B5AC78EE18} = {15991302-EB55-430E-811B-3B6E8BB66C28}
		{55B63D92-7E09-43D6-B9A4-984828CEF3E2} = {15991302-EB55-430E-811B-3B6E8BB66C28}
		{A84C39C5-2DDE-4BA1-9620-35D76FFBDF51} = {9A02DFF8-DD3F-4575-A73F-D65A53D12085}
		{64CF3101-5315-473C-862B-E68EE0C5EFC6} = {688A9B79-8721-4F0C-91D3-DFF95E0EEC21}
		{EB70B08E-8A1A-42A0-BB02-B632BFFAB259} = {688A9B79-8721-4F0C-91D3-DFF95E0EEC21}
		{3EDB63AA-B09C-4D98-9FD1-8863997B67C6} = {688A9B79-8721-4F0C-91D3-DFF95E0EEC21}
		{71EA1FED-2B0A-4AA4-AD4D-97F13A683132} = {15991302-EB55-430E-811B-3B6E8BB66C28}
	EndGlobalSection
	GlobalSection(ExtensibilityGlobals) = postSolution
		SolutionGuid = {E302CFEF-E69C-45A9-92CA-D8D3D55C67F2}
	EndGlobalSection
EndGlobal
